
Microsoft Visual Studio Solution File, Format Version 12.00
# Visual Studio Version 16
VisualStudioVersion = 16.0.32510.428
MinimumVisualStudioVersion = 10.0.40219.1
Project("{FAE04EC0-301F-11D3-BF4B-00C04F79EFBC}") = "FN.StoreApi", "FN.StoreApi\FN.StoreApi.csproj", "{0E396C02-2B88-483F-BF05-584BA4569E9F}"
EndProject
Project("{FAE04EC0-301F-11D3-BF4B-00C04F79EFBC}") = "FN.Store.Domain", "FN.Store.Domain\FN.Store.Domain.csproj", "{92B14653-4E5D-4A47-A778-3BAD334A8C15}"
EndProject
Project("{FAE04EC0-301F-11D3-BF4B-00C04F79EFBC}") = "FN.Store.Data", "FN.Store.Data\FN.Store.Data.csproj", "{406AB0D2-2593-4785-91EA-F8001471C168}"
EndProject
Project("{FAE04EC0-301F-11D3-BF4B-00C04F79EFBC}") = "FN.Store.DI", "FN.Store.DI\FN.Store.DI.csproj", "{A8BC47DD-943E-4788-B3C7-7F4162BA6884}"
EndProject
Global
	GlobalSection(SolutionConfigurationPlatforms) = preSolution
		Debug|Any CPU = Debug|Any CPU
		Release|Any CPU = Release|Any CPU
	EndGlobalSection
	GlobalSection(ProjectConfigurationPlatforms) = postSolution
		{0E396C02-2B88-483F-BF05-584BA4569E9F}.Debug|Any CPU.ActiveCfg = Debug|Any CPU
		{0E396C02-2B88-483F-BF05-584BA4569E9F}.Debug|Any CPU.Build.0 = Debug|Any CPU
		{0E396C02-2B88-483F-BF05-584BA4569E9F}.Release|Any CPU.ActiveCfg = Release|Any CPU
		{0E396C02-2B88-483F-BF05-584BA4569E9F}.Release|Any CPU.Build.0 = Release|Any CPU
		{92B14653-4E5D-4A47-A778-3BAD334A8C15}.Debug|Any CPU.ActiveCfg = Debug|Any CPU
		{92B14653-4E5D-4A47-A778-3BAD334A8C15}.Debug|Any CPU.Build.0 = Debug|Any CPU
		{92B14653-4E5D-4A47-A778-3BAD334A8C15}.Release|Any CPU.ActiveCfg = Release|Any CPU
		{92B14653-4E5D-4A47-A778-3BAD334A8C15}.Release|Any CPU.Build.0 = Release|Any CPU
		{406AB0D2-2593-4785-91EA-F8001471C168}.Debug|Any CPU.ActiveCfg = Debug|Any CPU
		{406AB0D2-2593-4785-91EA-F8001471C168}.Debug|Any CPU.Build.0 = Debug|Any CPU
		{406AB0D2-2593-4785-91EA-F8001471C168}.Release|Any CPU.ActiveCfg = Release|Any CPU
		{406AB0D2-2593-4785-91EA-F8001471C168}.Release|Any CPU.Build.0 = Release|Any CPU
		{A8BC47DD-943E-4788-B3C7-7F4162BA6884}.Debug|Any CPU.ActiveCfg = Debug|Any CPU
		{A8BC47DD-943E-4788-B3C7-7F4162BA6884}.Debug|Any CPU.Build.0 = Debug|Any CPU
		{A8BC47DD-943E-4788-B3C7-7F4162BA6884}.Release|Any CPU.ActiveCfg = Release|Any CPU
		{A8BC47DD-943E-4788-B3C7-7F4162BA6884}.Release|Any CPU.Build.0 = Release|Any CPU
	EndGlobalSection
	GlobalSection(SolutionProperties) = preSolution
		HideSolutionNode = FALSE
	EndGlobalSection
	GlobalSection(ExtensibilityGlobals) = postSolution
		SolutionGuid = {36269FDB-46E8-4F96-A6ED-EAAE6C9521C8}
	EndGlobalSection
EndGlobal
